
Microsoft Visual Studio Solution File, Format Version 12.00
# Visual Studio 15
VisualStudioVersion = 15.0.27428.2037
MinimumVisualStudioVersion = 10.0.40219.1
Project("{FAE04EC0-301F-11D3-BF4B-00C04F79EFBC}") = "MvcMusicStore", "MvcMusicStore\MvcMusicStore.csproj", "{59D3A04F-72B8-4D0B-A308-A4B1370B219D}"
EndProject
Project("{FAE04EC0-301F-11D3-BF4B-00C04F79EFBC}") = "MvcMusicStore.Tests", "MvcMusicStore.Tests\MvcMusicStore.Tests.csproj", "{DCD20BDD-13FC-4CFD-8E60-3776C3626326}"
EndProject
Global
	GlobalSection(SolutionConfigurationPlatforms) = preSolution
		Debug|Any CPU = Debug|Any CPU
		Release|Any CPU = Release|Any CPU
	EndGlobalSection
	GlobalSection(ProjectConfigurationPlatforms) = postSolution
		{59D3A04F-72B8-4D0B-A308-A4B1370B219D}.Debug|Any CPU.ActiveCfg = Debug|Any CPU
		{59D3A04F-72B8-4D0B-A308-A4B1370B219D}.Debug|Any CPU.Build.0 = Debug|Any CPU
		{59D3A04F-72B8-4D0B-A308-A4B1370B219D}.Release|Any CPU.ActiveCfg = Release|Any CPU
		{59D3A04F-72B8-4D0B-A308-A4B1370B219D}.Release|Any CPU.Build.0 = Release|Any CPU
		{DCD20BDD-13FC-4CFD-8E60-3776C3626326}.Debug|Any CPU.ActiveCfg = Debug|Any CPU
		{DCD20BDD-13FC-4CFD-8E60-3776C3626326}.Debug|Any CPU.Build.0 = Debug|Any CPU
		{DCD20BDD-13FC-4CFD-8E60-3776C3626326}.Release|Any CPU.ActiveCfg = Release|Any CPU
		{DCD20BDD-13FC-4CFD-8E60-3776C3626326}.Release|Any CPU.Build.0 = Release|Any CPU
	EndGlobalSection
	GlobalSection(SolutionProperties) = preSolution
		HideSolutionNode = FALSE
	EndGlobalSection
	GlobalSection(ExtensibilityGlobals) = postSolution
		SolutionGuid = {238061B5-571C-408C-B316-9A12AC2433E5}
	EndGlobalSection
EndGlobal
